
Microsoft Visual Studio Solution File, Format Version 12.00
# Visual Studio Version 16
VisualStudioVersion = 16.0.30503.244
MinimumVisualStudioVersion = 10.0.40219.1
Project("{FAE04EC0-301F-11D3-BF4B-00C04F79EFBC}") = "SWAPI Loan Calculator", "SWAPI Loan Calculator\SWAPI Loan Calculator.csproj", "{FA3B4529-0B78-479A-B6E6-87D52E087696}"
EndProject
Global
	GlobalSection(SolutionConfigurationPlatforms) = preSolution
		Debug|Any CPU = Debug|Any CPU
		Release|Any CPU = Release|Any CPU
	EndGlobalSection
	GlobalSection(ProjectConfigurationPlatforms) = postSolution
		{FA3B4529-0B78-479A-B6E6-87D52E087696}.Debug|Any CPU.ActiveCfg = Debug|Any CPU
		{FA3B4529-0B78-479A-B6E6-87D52E087696}.Debug|Any CPU.Build.0 = Debug|Any CPU
		{FA3B4529-0B78-479A-B6E6-87D52E087696}.Release|Any CPU.ActiveCfg = Release|Any CPU
		{FA3B4529-0B78-479A-B6E6-87D52E087696}.Release|Any CPU.Build.0 = Release|Any CPU
	EndGlobalSection
	GlobalSection(SolutionProperties) = preSolution
		HideSolutionNode = FALSE
	EndGlobalSection
	GlobalSection(ExtensibilityGlobals) = postSolution
		SolutionGuid = {68CA2916-DEDF-4202-97F2-8BC4FCE4BF3B}
	EndGlobalSection
EndGlobal
